dependencies:
- name: crds
  repository: ""
  version: 0.0.0
- name: kube-state-metrics
  repository: https://prometheus-community.github.io/helm-charts
  version: 5.20.1
- name: prometheus-node-exporter
  repository: https://prometheus-community.github.io/helm-charts
  version: 4.36.0
- name: grafana
  repository: https://grafana.github.io/helm-charts
  version: 8.2.0
- name: prometheus-windows-exporter
  repository: https://prometheus-community.github.io/helm-charts
  version: 0.3.1
digest: sha256:d3a880f12866ee76f6fb3536bbdfc5d8746b971054ed6ef4f494961232d32570
generated: "2024-06-28T22:05:10.139424248Z"
